{
    "_meta": {
        "hash": {
            "sha256": "00e851ea7348f11c14ea464a255a5e379eb4fd8d51908f7e792cd7cb0f8b09a0"
        },
        "pipfile-spec": 6,
        "requires": {
            "python_version": "3.10"
        },
        "sources": [
            {
                "name": "pypi",
                "url": "https://pypi.org/simple",
                "verify_ssl": true
            }
        ]
    },
    "default": {
        "python-osc": {
            "hashes": [
                "sha256:2f8c187c68d239960fb2eddcb5346a62a9b35e64f2de045b3e5e509f475ca73d",
                "sha256:9e2abb2fc9ba2c356f8e951609a03c9c7017bf0bad82cca8490e9b8af9e92a0b"
            ],
            "index": "pypi",
            "version": "==1.8.0"
        }
    },
    "develop": {}
}
